
Microsoft Visual Studio Solution File, Format Version 12.00
# Visual Studio Version 17
VisualStudioVersion = 17.9.34616.47
MinimumVisualStudioVersion = 10.0.40219.1
Project("{FAE04EC0-301F-11D3-BF4B-00C04F79EFBC}") = "stackovergol", "stackovergol\stackovergol.csproj", "{DF460984-D701-4BFB-888C-C0C87464AE3C}"
EndProject
Global
	GlobalSection(SolutionConfigurationPlatforms) = preSolution
		Debug|Any CPU = Debug|Any CPU
		Release|Any CPU = Release|Any CPU
	EndGlobalSection
	GlobalSection(ProjectConfigurationPlatforms) = postSolution
		{DF460984-D701-4BFB-888C-C0C87464AE3C}.Debug|Any CPU.ActiveCfg = Debug|Any CPU
		{DF460984-D701-4BFB-888C-C0C87464AE3C}.Debug|Any CPU.Build.0 = Debug|Any CPU
		{DF460984-D701-4BFB-888C-C0C87464AE3C}.Release|Any CPU.ActiveCfg = Release|Any CPU
		{DF460984-D701-4BFB-888C-C0C87464AE3C}.Release|Any CPU.Build.0 = Release|Any CPU
	EndGlobalSection
	GlobalSection(SolutionProperties) = preSolution
		HideSolutionNode = FALSE
	EndGlobalSection
	GlobalSection(ExtensibilityGlobals) = postSolution
		SolutionGuid = {09851318-630F-4398-8021-ADCB5A11515A}
	EndGlobalSection
EndGlobal
